
Microsoft Visual Studio Solution File, Format Version 12.00
# Visual Studio Version 17
VisualStudioVersion = 17.4.33213.308
MinimumVisualStudioVersion = 10.0.40219.1
Project("{FAE04EC0-301F-11D3-BF4B-00C04F79EFBC}") = "Binding_Example_1", "Binding_Example_1\Binding_Example_1.csproj", "{3DEC5355-0842-4CE8-A9A4-93FAC1A39A19}"
EndProject
Global
	GlobalSection(SolutionConfigurationPlatforms) = preSolution
		Debug|Any CPU = Debug|Any CPU
		Release|Any CPU = Release|Any CPU
	EndGlobalSection
	GlobalSection(ProjectConfigurationPlatforms) = postSolution
		{3DEC5355-0842-4CE8-A9A4-93FAC1A39A19}.Debug|Any CPU.ActiveCfg = Debug|Any CPU
		{3DEC5355-0842-4CE8-A9A4-93FAC1A39A19}.Debug|Any CPU.Build.0 = Debug|Any CPU
		{3DEC5355-0842-4CE8-A9A4-93FAC1A39A19}.Release|Any CPU.ActiveCfg = Release|Any CPU
		{3DEC5355-0842-4CE8-A9A4-93FAC1A39A19}.Release|Any CPU.Build.0 = Release|Any CPU
	EndGlobalSection
	GlobalSection(SolutionProperties) = preSolution
		HideSolutionNode = FALSE
	EndGlobalSection
	GlobalSection(ExtensibilityGlobals) = postSolution
		SolutionGuid = {6B6627B5-0596-4185-B203-6F0426BF8BC1}
	EndGlobalSection
EndGlobal
